
Microsoft Visual Studio Solution File, Format Version 12.00
# Visual Studio 14
VisualStudioVersion = 14.0.25123.0
MinimumVisualStudioVersion = 10.0.40219.1
Project("{FAE04EC0-301F-11D3-BF4B-00C04F79EFBC}") = "XF.Common.Contracts", "XF.Common.Contracts\XF.Common.Contracts.csproj", "{2F5CB864-EDC3-41C2-A477-A6DBBDB62487}"
EndProject
Project("{FAE04EC0-301F-11D3-BF4B-00C04F79EFBC}") = "XF.Common", "XF.Common\XF.Common.csproj", "{18DFF16A-8F34-4393-A15B-6ABDBEDB97F4}"
EndProject
Project("{FAE04EC0-301F-11D3-BF4B-00C04F79EFBC}") = "XF.Common.Server", "XF.Common.Server\XF.Common.Server.csproj", "{0E06C8E3-916E-4BCA-80AD-50AEF2EA8FFF}"
EndProject
Project("{FAE04EC0-301F-11D3-BF4B-00C04F79EFBC}") = "XF.Common.Server.Contracts", "XF.Common.Server.Contracts\XF.Common.Server.Contracts.csproj", "{06C20F02-9CEC-4C0E-B92D-13B4CFFFC8EB}"
EndProject
Project("{FAE04EC0-301F-11D3-BF4B-00C04F79EFBC}") = "XF.Common.Universal", "XF.Common.Universal\XF.Common.Universal.csproj", "{92451F53-3AC9-4DF8-87BE-AF75D5B3F0A4}"
EndProject
Project("{FAE04EC0-301F-11D3-BF4B-00C04F79EFBC}") = "XF.WebApi.Common.Contracts", "XF.WebApi.Common.Contracts\XF.WebApi.Common.Contracts.csproj", "{5C00D08C-E662-468C-A830-2A56284012A8}"
EndProject
Project("{FAE04EC0-301F-11D3-BF4B-00C04F79EFBC}") = "XF.WebApi.Common", "XF.WebApi.Common\XF.WebApi.Common.csproj", "{4B40DBA9-4B1D-490C-B3FF-B99FEC1011D0}"
EndProject
Project("{FAE04EC0-301F-11D3-BF4B-00C04F79EFBC}") = "XF.SqlServer.Contracts", "XF.SqlServer.Contracts\XF.SqlServer.Contracts.csproj", "{4841196C-063C-4834-8534-2D4EF9042979}"
EndProject
Project("{FAE04EC0-301F-11D3-BF4B-00C04F79EFBC}") = "XF.WebApi.Core", "XF.WebApi.Core\XF.WebApi.Core.csproj", "{9F836675-8007-4E48-AC4B-5A5735BACE52}"
EndProject
Project("{2150E333-8FDC-42A3-9474-1A3956D46DE8}") = "xf", "xf", "{6BEF932E-3984-41F7-859D-A9F80A9C0CCF}"
EndProject
Project("{2150E333-8FDC-42A3-9474-1A3956D46DE8}") = "universal", "universal", "{E3B39ABE-E562-49F1-954C-A5CB1DDBB2DB}"
EndProject
Project("{2150E333-8FDC-42A3-9474-1A3956D46DE8}") = "api", "api", "{B84DE20A-CAFD-4003-907A-74E052D9B69F}"
EndProject
Project("{FAE04EC0-301F-11D3-BF4B-00C04F79EFBC}") = "RedRocket", "RedRocket\RedRocket.csproj", "{A6983545-9261-4449-9E38-4DFAED118E2F}"
EndProject
Project("{2150E333-8FDC-42A3-9474-1A3956D46DE8}") = "lob", "lob", "{2BB537CA-25C3-4070-A7E7-E4216C8C4982}"
EndProject
Project("{FAE04EC0-301F-11D3-BF4B-00C04F79EFBC}") = "Company.Technology.Api", "..\demo\Company.Technology.Api\Company.Technology.Api.csproj", "{E1034CC1-2AE6-4FB1-8C3E-EBFF8085005C}"
EndProject
Global
	GlobalSection(SolutionConfigurationPlatforms) = preSolution
		Debug|Any CPU = Debug|Any CPU
		Debug|ARM = Debug|ARM
		Debug|x64 = Debug|x64
		Debug|x86 = Debug|x86
		Release|Any CPU = Release|Any CPU
		Release|ARM = Release|ARM
		Release|x64 = Release|x64
		Release|x86 = Release|x86
	EndGlobalSection
	GlobalSection(ProjectConfigurationPlatforms) = postSolution
		{2F5CB864-EDC3-41C2-A477-A6DBBDB62487}.Debug|Any CPU.ActiveCfg = Debug|Any CPU
		{2F5CB864-EDC3-41C2-A477-A6DBBDB62487}.Debug|Any CPU.Build.0 = Debug|Any CPU
		{2F5CB864-EDC3-41C2-A477-A6DBBDB62487}.Debug|ARM.ActiveCfg = Debug|Any CPU
		{2F5CB864-EDC3-41C2-A477-A6DBBDB62487}.Debug|ARM.Build.0 = Debug|Any CPU
		{2F5CB864-EDC3-41C2-A477-A6DBBDB62487}.Debug|x64.ActiveCfg = Debug|Any CPU
		{2F5CB864-EDC3-41C2-A477-A6DBBDB62487}.Debug|x64.Build.0 = Debug|Any CPU
		{2F5CB864-EDC3-41C2-A477-A6DBBDB62487}.Debug|x86.ActiveCfg = Debug|Any CPU
		{2F5CB864-EDC3-41C2-A477-A6DBBDB62487}.Debug|x86.Build.0 = Debug|Any CPU
		{2F5CB864-EDC3-41C2-A477-A6DBBDB62487}.Release|Any CPU.ActiveCfg = Release|Any CPU
		{2F5CB864-EDC3-41C2-A477-A6DBBDB62487}.Release|Any CPU.Build.0 = Release|Any CPU
		{2F5CB864-EDC3-41C2-A477-A6DBBDB62487}.Release|ARM.ActiveCfg = Release|Any CPU
		{2F5CB864-EDC3-41C2-A477-A6DBBDB62487}.Release|ARM.Build.0 = Release|Any CPU
		{2F5CB864-EDC3-41C2-A477-A6DBBDB62487}.Release|x64.ActiveCfg = Release|Any CPU
		{2F5CB864-EDC3-41C2-A477-A6DBBDB62487}.Release|x64.Build.0 = Release|Any CPU
		{2F5CB864-EDC3-41C2-A477-A6DBBDB62487}.Release|x86.ActiveCfg = Release|Any CPU
		{2F5CB864-EDC3-41C2-A477-A6DBBDB62487}.Release|x86.Build.0 = Release|Any CPU
		{18DFF16A-8F34-4393-A15B-6ABDBEDB97F4}.Debug|Any CPU.ActiveCfg = Debug|Any CPU
		{18DFF16A-8F34-4393-A15B-6ABDBEDB97F4}.Debug|Any CPU.Build.0 = Debug|Any CPU
		{18DFF16A-8F34-4393-A15B-6ABDBEDB97F4}.Debug|ARM.ActiveCfg = Debug|Any CPU
		{18DFF16A-8F34-4393-A15B-6ABDBEDB97F4}.Debug|ARM.Build.0 = Debug|Any CPU
		{18DFF16A-8F34-4393-A15B-6ABDBEDB97F4}.Debug|x64.ActiveCfg = Debug|Any CPU
		{18DFF16A-8F34-4393-A15B-6ABDBEDB97F4}.Debug|x64.Build.0 = Debug|Any CPU
		{18DFF16A-8F34-4393-A15B-6ABDBEDB97F4}.Debug|x86.ActiveCfg = Debug|Any CPU
		{18DFF16A-8F34-4393-A15B-6ABDBEDB97F4}.Debug|x86.Build.0 = Debug|Any CPU
		{18DFF16A-8F34-4393-A15B-6ABDBEDB97F4}.Release|Any CPU.ActiveCfg = Release|Any CPU
		{18DFF16A-8F34-4393-A15B-6ABDBEDB97F4}.Release|Any CPU.Build.0 = Release|Any CPU
		{18DFF16A-8F34-4393-A15B-6ABDBEDB97F4}.Release|ARM.ActiveCfg = Release|Any CPU
		{18DFF16A-8F34-4393-A15B-6ABDBEDB97F4}.Release|ARM.Build.0 = Release|Any CPU
		{18DFF16A-8F34-4393-A15B-6ABDBEDB97F4}.Release|x64.ActiveCfg = Release|Any CPU
		{18DFF16A-8F34-4393-A15B-6ABDBEDB97F4}.Release|x64.Build.0 = Release|Any CPU
		{18DFF16A-8F34-4393-A15B-6ABDBEDB97F4}.Release|x86.ActiveCfg = Release|Any CPU
		{18DFF16A-8F34-4393-A15B-6ABDBEDB97F4}.Release|x86.Build.0 = Release|Any CPU
		{0E06C8E3-916E-4BCA-80AD-50AEF2EA8FFF}.Debug|Any CPU.ActiveCfg = Debug|Any CPU
		{0E06C8E3-916E-4BCA-80AD-50AEF2EA8FFF}.Debug|Any CPU.Build.0 = Debug|Any CPU
		{0E06C8E3-916E-4BCA-80AD-50AEF2EA8FFF}.Debug|ARM.ActiveCfg = Debug|Any CPU
		{0E06C8E3-916E-4BCA-80AD-50AEF2EA8FFF}.Debug|ARM.Build.0 = Debug|Any CPU
		{0E06C8E3-916E-4BCA-80AD-50AEF2EA8FFF}.Debug|x64.ActiveCfg = Debug|Any CPU
		{0E06C8E3-916E-4BCA-80AD-50AEF2EA8FFF}.Debug|x64.Build.0 = Debug|Any CPU
		{0E06C8E3-916E-4BCA-80AD-50AEF2EA8FFF}.Debug|x86.ActiveCfg = Debug|Any CPU
		{0E06C8E3-916E-4BCA-80AD-50AEF2EA8FFF}.Debug|x86.Build.0 = Debug|Any CPU
		{0E06C8E3-916E-4BCA-80AD-50AEF2EA8FFF}.Release|Any CPU.ActiveCfg = Release|Any CPU
		{0E06C8E3-916E-4BCA-80AD-50AEF2EA8FFF}.Release|Any CPU.Build.0 = Release|Any CPU
		{0E06C8E3-916E-4BCA-80AD-50AEF2EA8FFF}.Release|ARM.ActiveCfg = Release|Any CPU
		{0E06C8E3-916E-4BCA-80AD-50AEF2EA8FFF}.Release|ARM.Build.0 = Release|Any CPU
		{0E06C8E3-916E-4BCA-80AD-50AEF2EA8FFF}.Release|x64.ActiveCfg = Release|Any CPU
		{0E06C8E3-916E-4BCA-80AD-50AEF2EA8FFF}.Release|x64.Build.0 = Release|Any CPU
		{0E06C8E3-916E-4BCA-80AD-50AEF2EA8FFF}.Release|x86.ActiveCfg = Release|Any CPU
		{0E06C8E3-916E-4BCA-80AD-50AEF2EA8FFF}.Release|x86.Build.0 = Release|Any CPU
		{06C20F02-9CEC-4C0E-B92D-13B4CFFFC8EB}.Debug|Any CPU.ActiveCfg = Debug|Any CPU
		{06C20F02-9CEC-4C0E-B92D-13B4CFFFC8EB}.Debug|Any CPU.Build.0 = Debug|Any CPU
		{06C20F02-9CEC-4C0E-B92D-13B4CFFFC8EB}.Debug|ARM.ActiveCfg = Debug|Any CPU
		{06C20F02-9CEC-4C0E-B92D-13B4CFFFC8EB}.Debug|ARM.Build.0 = Debug|Any CPU
		{06C20F02-9CEC-4C0E-B92D-13B4CFFFC8EB}.Debug|x64.ActiveCfg = Debug|Any CPU
		{06C20F02-9CEC-4C0E-B92D-13B4CFFFC8EB}.Debug|x64.Build.0 = Debug|Any CPU
		{06C20F02-9CEC-4C0E-B92D-13B4CFFFC8EB}.Debug|x86.ActiveCfg = Debug|Any CPU
		{06C20F02-9CEC-4C0E-B92D-13B4CFFFC8EB}.Debug|x86.Build.0 = Debug|Any CPU
		{06C20F02-9CEC-4C0E-B92D-13B4CFFFC8EB}.Release|Any CPU.ActiveCfg = Release|Any CPU
		{06C20F02-9CEC-4C0E-B92D-13B4CFFFC8EB}.Release|Any CPU.Build.0 = Release|Any CPU
		{06C20F02-9CEC-4C0E-B92D-13B4CFFFC8EB}.Release|ARM.ActiveCfg = Release|Any CPU
		{06C20F02-9CEC-4C0E-B92D-13B4CFFFC8EB}.Release|ARM.Build.0 = Release|Any CPU
		{06C20F02-9CEC-4C0E-B92D-13B4CFFFC8EB}.Release|x64.ActiveCfg = Release|Any CPU
		{06C20F02-9CEC-4C0E-B92D-13B4CFFFC8EB}.Release|x64.Build.0 = Release|Any CPU
		{06C20F02-9CEC-4C0E-B92D-13B4CFFFC8EB}.Release|x86.ActiveCfg = Release|Any CPU
		{06C20F02-9CEC-4C0E-B92D-13B4CFFFC8EB}.Release|x86.Build.0 = Release|Any CPU
		{92451F53-3AC9-4DF8-87BE-AF75D5B3F0A4}.Debug|Any CPU.ActiveCfg = Debug|Any CPU
		{92451F53-3AC9-4DF8-87BE-AF75D5B3F0A4}.Debug|Any CPU.Build.0 = Debug|Any CPU
		{92451F53-3AC9-4DF8-87BE-AF75D5B3F0A4}.Debug|ARM.ActiveCfg = Debug|ARM
		{92451F53-3AC9-4DF8-87BE-AF75D5B3F0A4}.Debug|ARM.Build.0 = Debug|ARM
		{92451F53-3AC9-4DF8-87BE-AF75D5B3F0A4}.Debug|x64.ActiveCfg = Debug|x64
		{92451F53-3AC9-4DF8-87BE-AF75D5B3F0A4}.Debug|x64.Build.0 = Debug|x64
		{92451F53-3AC9-4DF8-87BE-AF75D5B3F0A4}.Debug|x86.ActiveCfg = Debug|x86
		{92451F53-3AC9-4DF8-87BE-AF75D5B3F0A4}.Debug|x86.Build.0 = Debug|x86
		{92451F53-3AC9-4DF8-87BE-AF75D5B3F0A4}.Release|Any CPU.ActiveCfg = Release|Any CPU
		{92451F53-3AC9-4DF8-87BE-AF75D5B3F0A4}.Release|Any CPU.Build.0 = Release|Any CPU
		{92451F53-3AC9-4DF8-87BE-AF75D5B3F0A4}.Release|ARM.ActiveCfg = Release|ARM
		{92451F53-3AC9-4DF8-87BE-AF75D5B3F0A4}.Release|ARM.Build.0 = Release|ARM
		{92451F53-3AC9-4DF8-87BE-AF75D5B3F0A4}.Release|x64.ActiveCfg = Release|x64
		{92451F53-3AC9-4DF8-87BE-AF75D5B3F0A4}.Release|x64.Build.0 = Release|x64
		{92451F53-3AC9-4DF8-87BE-AF75D5B3F0A4}.Release|x86.ActiveCfg = Release|x86
		{92451F53-3AC9-4DF8-87BE-AF75D5B3F0A4}.Release|x86.Build.0 = Release|x86
		{5C00D08C-E662-468C-A830-2A56284012A8}.Debug|Any CPU.ActiveCfg = Debug|Any CPU
		{5C00D08C-E662-468C-A830-2A56284012A8}.Debug|Any CPU.Build.0 = Debug|Any CPU
		{5C00D08C-E662-468C-A830-2A56284012A8}.Debug|ARM.ActiveCfg = Debug|Any CPU
		{5C00D08C-E662-468C-A830-2A56284012A8}.Debug|ARM.Build.0 = Debug|Any CPU
		{5C00D08C-E662-468C-A830-2A56284012A8}.Debug|x64.ActiveCfg = Debug|Any CPU
		{5C00D08C-E662-468C-A830-2A56284012A8}.Debug|x64.Build.0 = Debug|Any CPU
		{5C00D08C-E662-468C-A830-2A56284012A8}.Debug|x86.ActiveCfg = Debug|Any CPU
		{5C00D08C-E662-468C-A830-2A56284012A8}.Debug|x86.Build.0 = Debug|Any CPU
		{5C00D08C-E662-468C-A830-2A56284012A8}.Release|Any CPU.ActiveCfg = Release|Any CPU
		{5C00D08C-E662-468C-A830-2A56284012A8}.Release|Any CPU.Build.0 = Release|Any CPU
		{5C00D08C-E662-468C-A830-2A56284012A8}.Release|ARM.ActiveCfg = Release|Any CPU
		{5C00D08C-E662-468C-A830-2A56284012A8}.Release|ARM.Build.0 = Release|Any CPU
		{5C00D08C-E662-468C-A830-2A56284012A8}.Release|x64.ActiveCfg = Release|Any CPU
		{5C00D08C-E662-468C-A830-2A56284012A8}.Release|x64.Build.0 = Release|Any CPU
		{5C00D08C-E662-468C-A830-2A56284012A8}.Release|x86.ActiveCfg = Release|Any CPU
		{5C00D08C-E662-468C-A830-2A56284012A8}.Release|x86.Build.0 = Release|Any CPU
		{4B40DBA9-4B1D-490C-B3FF-B99FEC1011D0}.Debug|Any CPU.ActiveCfg = Debug|Any CPU
		{4B40DBA9-4B1D-490C-B3FF-B99FEC1011D0}.Debug|Any CPU.Build.0 = Debug|Any CPU
		{4B40DBA9-4B1D-490C-B3FF-B99FEC1011D0}.Debug|ARM.ActiveCfg = Debug|Any CPU
		{4B40DBA9-4B1D-490C-B3FF-B99FEC1011D0}.Debug|ARM.Build.0 = Debug|Any CPU
		{4B40DBA9-4B1D-490C-B3FF-B99FEC1011D0}.Debug|x64.ActiveCfg = Debug|Any CPU
		{4B40DBA9-4B1D-490C-B3FF-B99FEC1011D0}.Debug|x64.Build.0 = Debug|Any CPU
		{4B40DBA9-4B1D-490C-B3FF-B99FEC1011D0}.Debug|x86.ActiveCfg = Debug|Any CPU
		{4B40DBA9-4B1D-490C-B3FF-B99FEC1011D0}.Debug|x86.Build.0 = Debug|Any CPU
		{4B40DBA9-4B1D-490C-B3FF-B99FEC1011D0}.Release|Any CPU.ActiveCfg = Release|Any CPU
		{4B40DBA9-4B1D-490C-B3FF-B99FEC1011D0}.Release|Any CPU.Build.0 = Release|Any CPU
		{4B40DBA9-4B1D-490C-B3FF-B99FEC1011D0}.Release|ARM.ActiveCfg = Release|Any CPU
		{4B40DBA9-4B1D-490C-B3FF-B99FEC1011D0}.Release|ARM.Build.0 = Release|Any CPU
		{4B40DBA9-4B1D-490C-B3FF-B99FEC1011D0}.Release|x64.ActiveCfg = Release|Any CPU
		{4B40DBA9-4B1D-490C-B3FF-B99FEC1011D0}.Release|x64.Build.0 = Release|Any CPU
		{4B40DBA9-4B1D-490C-B3FF-B99FEC1011D0}.Release|x86.ActiveCfg = Release|Any CPU
		{4B40DBA9-4B1D-490C-B3FF-B99FEC1011D0}.Release|x86.Build.0 = Release|Any CPU
		{4841196C-063C-4834-8534-2D4EF9042979}.Debug|Any CPU.ActiveCfg = Debug|Any CPU
		{4841196C-063C-4834-8534-2D4EF9042979}.Debug|Any CPU.Build.0 = Debug|Any CPU
		{4841196C-063C-4834-8534-2D4EF9042979}.Debug|ARM.ActiveCfg = Debug|Any CPU
		{4841196C-063C-4834-8534-2D4EF9042979}.Debug|ARM.Build.0 = Debug|Any CPU
		{4841196C-063C-4834-8534-2D4EF9042979}.Debug|x64.ActiveCfg = Debug|Any CPU
		{4841196C-063C-4834-8534-2D4EF9042979}.Debug|x64.Build.0 = Debug|Any CPU
		{4841196C-063C-4834-8534-2D4EF9042979}.Debug|x86.ActiveCfg = Debug|Any CPU
		{4841196C-063C-4834-8534-2D4EF9042979}.Debug|x86.Build.0 = Debug|Any CPU
		{4841196C-063C-4834-8534-2D4EF9042979}.Release|Any CPU.ActiveCfg = Release|Any CPU
		{4841196C-063C-4834-8534-2D4EF9042979}.Release|Any CPU.Build.0 = Release|Any CPU
		{4841196C-063C-4834-8534-2D4EF9042979}.Release|ARM.ActiveCfg = Release|Any CPU
		{4841196C-063C-4834-8534-2D4EF9042979}.Release|ARM.Build.0 = Release|Any CPU
		{4841196C-063C-4834-8534-2D4EF9042979}.Release|x64.ActiveCfg = Release|Any CPU
		{4841196C-063C-4834-8534-2D4EF9042979}.Release|x64.Build.0 = Release|Any CPU
		{4841196C-063C-4834-8534-2D4EF9042979}.Release|x86.ActiveCfg = Release|Any CPU
		{4841196C-063C-4834-8534-2D4EF9042979}.Release|x86.Build.0 = Release|Any CPU
		{9F836675-8007-4E48-AC4B-5A5735BACE52}.Debug|Any CPU.ActiveCfg = Debug|Any CPU
		{9F836675-8007-4E48-AC4B-5A5735BACE52}.Debug|Any CPU.Build.0 = Debug|Any CPU
		{9F836675-8007-4E48-AC4B-5A5735BACE52}.Debug|ARM.ActiveCfg = Debug|Any CPU
		{9F836675-8007-4E48-AC4B-5A5735BACE52}.Debug|ARM.Build.0 = Debug|Any CPU
		{9F836675-8007-4E48-AC4B-5A5735BACE52}.Debug|x64.ActiveCfg = Debug|Any CPU
		{9F836675-8007-4E48-AC4B-5A5735BACE52}.Debug|x64.Build.0 = Debug|Any CPU
		{9F836675-8007-4E48-AC4B-5A5735BACE52}.Debug|x86.ActiveCfg = Debug|Any CPU
		{9F836675-8007-4E48-AC4B-5A5735BACE52}.Debug|x86.Build.0 = Debug|Any CPU
		{9F836675-8007-4E48-AC4B-5A5735BACE52}.Release|Any CPU.ActiveCfg = Release|Any CPU
		{9F836675-8007-4E48-AC4B-5A5735BACE52}.Release|Any CPU.Build.0 = Release|Any CPU
		{9F836675-8007-4E48-AC4B-5A5735BACE52}.Release|ARM.ActiveCfg = Release|Any CPU
		{9F836675-8007-4E48-AC4B-5A5735BACE52}.Release|ARM.Build.0 = Release|Any CPU
		{9F836675-8007-4E48-AC4B-5A5735BACE52}.Release|x64.ActiveCfg = Release|Any CPU
		{9F836675-8007-4E48-AC4B-5A5735BACE52}.Release|x64.Build.0 = Release|Any CPU
		{9F836675-8007-4E48-AC4B-5A5735BACE52}.Release|x86.ActiveCfg = Release|Any CPU
		{9F836675-8007-4E48-AC4B-5A5735BACE52}.Release|x86.Build.0 = Release|Any CPU
		{A6983545-9261-4449-9E38-4DFAED118E2F}.Debug|Any CPU.ActiveCfg = Debug|Any CPU
		{A6983545-9261-4449-9E38-4DFAED118E2F}.Debug|Any CPU.Build.0 = Debug|Any CPU
		{A6983545-9261-4449-9E38-4DFAED118E2F}.Debug|ARM.ActiveCfg = Debug|Any CPU
		{A6983545-9261-4449-9E38-4DFAED118E2F}.Debug|ARM.Build.0 = Debug|Any CPU
		{A6983545-9261-4449-9E38-4DFAED118E2F}.Debug|x64.ActiveCfg = Debug|Any CPU
		{A6983545-9261-4449-9E38-4DFAED118E2F}.Debug|x64.Build.0 = Debug|Any CPU
		{A6983545-9261-4449-9E38-4DFAED118E2F}.Debug|x86.ActiveCfg = Debug|Any CPU
		{A6983545-9261-4449-9E38-4DFAED118E2F}.Debug|x86.Build.0 = Debug|Any CPU
		{A6983545-9261-4449-9E38-4DFAED118E2F}.Release|Any CPU.ActiveCfg = Release|Any CPU
		{A6983545-9261-4449-9E38-4DFAED118E2F}.Release|Any CPU.Build.0 = Release|Any CPU
		{A6983545-9261-4449-9E38-4DFAED118E2F}.Release|ARM.ActiveCfg = Release|Any CPU
		{A6983545-9261-4449-9E38-4DFAED118E2F}.Release|ARM.Build.0 = Release|Any CPU
		{A6983545-9261-4449-9E38-4DFAED118E2F}.Release|x64.ActiveCfg = Release|Any CPU
		{A6983545-9261-4449-9E38-4DFAED118E2F}.Release|x64.Build.0 = Release|Any CPU
		{A6983545-9261-4449-9E38-4DFAED118E2F}.Release|x86.ActiveCfg = Release|Any CPU
		{A6983545-9261-4449-9E38-4DFAED118E2F}.Release|x86.Build.0 = Release|Any CPU
		{E1034CC1-2AE6-4FB1-8C3E-EBFF8085005C}.Debug|Any CPU.ActiveCfg = Debug|Any CPU
		{E1034CC1-2AE6-4FB1-8C3E-EBFF8085005C}.Debug|Any CPU.Build.0 = Debug|Any CPU
		{E1034CC1-2AE6-4FB1-8C3E-EBFF8085005C}.Debug|ARM.ActiveCfg = Debug|Any CPU
		{E1034CC1-2AE6-4FB1-8C3E-EBFF8085005C}.Debug|ARM.Build.0 = Debug|Any CPU
		{E1034CC1-2AE6-4FB1-8C3E-EBFF8085005C}.Debug|x64.ActiveCfg = Debug|Any CPU
		{E1034CC1-2AE6-4FB1-8C3E-EBFF8085005C}.Debug|x64.Build.0 = Debug|Any CPU
		{E1034CC1-2AE6-4FB1-8C3E-EBFF8085005C}.Debug|x86.ActiveCfg = Debug|Any CPU
		{E1034CC1-2AE6-4FB1-8C3E-EBFF8085005C}.Debug|x86.Build.0 = Debug|Any CPU
		{E1034CC1-2AE6-4FB1-8C3E-EBFF8085005C}.Release|Any CPU.ActiveCfg = Release|Any CPU
		{E1034CC1-2AE6-4FB1-8C3E-EBFF8085005C}.Release|Any CPU.Build.0 = Release|Any CPU
		{E1034CC1-2AE6-4FB1-8C3E-EBFF8085005C}.Release|ARM.ActiveCfg = Release|Any CPU
		{E1034CC1-2AE6-4FB1-8C3E-EBFF8085005C}.Release|ARM.Build.0 = Release|Any CPU
		{E1034CC1-2AE6-4FB1-8C3E-EBFF8085005C}.Release|x64.ActiveCfg = Release|Any CPU
		{E1034CC1-2AE6-4FB1-8C3E-EBFF8085005C}.Release|x64.Build.0 = Release|Any CPU
		{E1034CC1-2AE6-4FB1-8C3E-EBFF8085005C}.Release|x86.ActiveCfg = Release|Any CPU
		{E1034CC1-2AE6-4FB1-8C3E-EBFF8085005C}.Release|x86.Build.0 = Release|Any CPU
	EndGlobalSection
	GlobalSection(SolutionProperties) = preSolution
		HideSolutionNode = FALSE
	EndGlobalSection
	GlobalSection(NestedProjects) = preSolution
		{2F5CB864-EDC3-41C2-A477-A6DBBDB62487} = {6BEF932E-3984-41F7-859D-A9F80A9C0CCF}
		{18DFF16A-8F34-4393-A15B-6ABDBEDB97F4} = {6BEF932E-3984-41F7-859D-A9F80A9C0CCF}
		{0E06C8E3-916E-4BCA-80AD-50AEF2EA8FFF} = {6BEF932E-3984-41F7-859D-A9F80A9C0CCF}
		{06C20F02-9CEC-4C0E-B92D-13B4CFFFC8EB} = {6BEF932E-3984-41F7-859D-A9F80A9C0CCF}
		{92451F53-3AC9-4DF8-87BE-AF75D5B3F0A4} = {E3B39ABE-E562-49F1-954C-A5CB1DDBB2DB}
		{5C00D08C-E662-468C-A830-2A56284012A8} = {B84DE20A-CAFD-4003-907A-74E052D9B69F}
		{4B40DBA9-4B1D-490C-B3FF-B99FEC1011D0} = {B84DE20A-CAFD-4003-907A-74E052D9B69F}
		{4841196C-063C-4834-8534-2D4EF9042979} = {6BEF932E-3984-41F7-859D-A9F80A9C0CCF}
		{9F836675-8007-4E48-AC4B-5A5735BACE52} = {B84DE20A-CAFD-4003-907A-74E052D9B69F}
		{E1034CC1-2AE6-4FB1-8C3E-EBFF8085005C} = {2BB537CA-25C3-4070-A7E7-E4216C8C4982}
	EndGlobalSection
EndGlobal
