
Microsoft Visual Studio Solution File, Format Version 12.00
# Visual Studio 14
VisualStudioVersion = 14.0.24720.0
MinimumVisualStudioVersion = 10.0.40219.1
Project("{FAE04EC0-301F-11D3-BF4B-00C04F79EFBC}") = "XF.Common.Contracts", "XF.Common.Contracts\XF.Common.Contracts.csproj", "{2F5CB864-EDC3-41C2-A477-A6DBBDB62487}"
EndProject
Project("{FAE04EC0-301F-11D3-BF4B-00C04F79EFBC}") = "XF.Common", "XF.Common\XF.Common.csproj", "{18DFF16A-8F34-4393-A15B-6ABDBEDB97F4}"
EndProject
Project("{FAE04EC0-301F-11D3-BF4B-00C04F79EFBC}") = "XF.Common.Server", "XF.Common.Server\XF.Common.Server.csproj", "{0E06C8E3-916E-4BCA-80AD-50AEF2EA8FFF}"
EndProject
Project("{FAE04EC0-301F-11D3-BF4B-00C04F79EFBC}") = "XF.Common.Server.Contracts", "XF.Common.Server.Contracts\XF.Common.Server.Contracts.csproj", "{06C20F02-9CEC-4C0E-B92D-13B4CFFFC8EB}"
EndProject
Global
	GlobalSection(SolutionConfigurationPlatforms) = preSolution
		Debug|Any CPU = Debug|Any CPU
		Release|Any CPU = Release|Any CPU
	EndGlobalSection
	GlobalSection(ProjectConfigurationPlatforms) = postSolution
		{2F5CB864-EDC3-41C2-A477-A6DBBDB62487}.Debug|Any CPU.ActiveCfg = Debug|Any CPU
		{2F5CB864-EDC3-41C2-A477-A6DBBDB62487}.Debug|Any CPU.Build.0 = Debug|Any CPU
		{2F5CB864-EDC3-41C2-A477-A6DBBDB62487}.Release|Any CPU.ActiveCfg = Release|Any CPU
		{2F5CB864-EDC3-41C2-A477-A6DBBDB62487}.Release|Any CPU.Build.0 = Release|Any CPU
		{18DFF16A-8F34-4393-A15B-6ABDBEDB97F4}.Debug|Any CPU.ActiveCfg = Debug|Any CPU
		{18DFF16A-8F34-4393-A15B-6ABDBEDB97F4}.Debug|Any CPU.Build.0 = Debug|Any CPU
		{18DFF16A-8F34-4393-A15B-6ABDBEDB97F4}.Release|Any CPU.ActiveCfg = Release|Any CPU
		{18DFF16A-8F34-4393-A15B-6ABDBEDB97F4}.Release|Any CPU.Build.0 = Release|Any CPU
		{0E06C8E3-916E-4BCA-80AD-50AEF2EA8FFF}.Debug|Any CPU.ActiveCfg = Debug|Any CPU
		{0E06C8E3-916E-4BCA-80AD-50AEF2EA8FFF}.Debug|Any CPU.Build.0 = Debug|Any CPU
		{0E06C8E3-916E-4BCA-80AD-50AEF2EA8FFF}.Release|Any CPU.ActiveCfg = Release|Any CPU
		{0E06C8E3-916E-4BCA-80AD-50AEF2EA8FFF}.Release|Any CPU.Build.0 = Release|Any CPU
		{06C20F02-9CEC-4C0E-B92D-13B4CFFFC8EB}.Debug|Any CPU.ActiveCfg = Debug|Any CPU
		{06C20F02-9CEC-4C0E-B92D-13B4CFFFC8EB}.Debug|Any CPU.Build.0 = Debug|Any CPU
		{06C20F02-9CEC-4C0E-B92D-13B4CFFFC8EB}.Release|Any CPU.ActiveCfg = Release|Any CPU
		{06C20F02-9CEC-4C0E-B92D-13B4CFFFC8EB}.Release|Any CPU.Build.0 = Release|Any CPU
	EndGlobalSection
	GlobalSection(SolutionProperties) = preSolution
		HideSolutionNode = FALSE
	EndGlobalSection
EndGlobal
